// !$*UTF8*$!
{
	archiveVersion = 1;
	classes = {
	};
	objectVersion = 46;
	objects = {

/* Begin PBXBuildFile section */
		74A316ADBAB3AE73E3DE6D55 /* Pods_PowMau.framework in Frameworks */ = {isa = PBXBuildFile; fileRef = BD5F33BAF681EF9457859EB5 /* Pods_PowMau.framework */; };
		EE353E851E403D5B0007D842 /* AppDelegate.swift in Sources */ = {isa = PBXBuildFile; fileRef = EE353E841E403D5B0007D842 /* AppDelegate.swift */; };
		EE353E871E403D5B0007D842 /* ViewController.swift in Sources */ = {isa = PBXBuildFile; fileRef = EE353E861E403D5B0007D842 /* ViewController.swift */; };
		EE353E8A1E403D5B0007D842 /* BuildFile in Resources */ = {isa = PBXBuildFile; };
		EE353E8C1E403D5B0007D842 /* Assets.xcassets in Resources */ = {isa = PBXBuildFile; fileRef = EE353E8B1E403D5B0007D842 /* Assets.xcassets */; };
		EE353E8F1E403D5B0007D842 /* LaunchScreen.storyboard in Resources */ = {isa = PBXBuildFile; fileRef = EE353E8D1E403D5B0007D842 /* LaunchScreen.storyboard */; };
		EE353E9D1E404FD00007D842 /* POWMAU_Logo 1.png in Resources */ = {isa = PBXBuildFile; fileRef = EE353E9C1E404FD00007D842 /* POWMAU_Logo 1.png */; };
		EE353EA31E40F4720007D842 /* PowMauICON.PNG in Resources */ = {isa = PBXBuildFile; fileRef = EE353EA21E40F4720007D842 /* PowMauICON.PNG */; };
		EE353EA61E4115790007D842 /* LoginScreenViewController.swift in Sources */ = {isa = PBXBuildFile; fileRef = EE353EA51E4115790007D842 /* LoginScreenViewController.swift */; };
		EE353EAC1E412BE40007D842 /* LemonMilk.otf in Resources */ = {isa = PBXBuildFile; fileRef = EE353EAB1E412BE40007D842 /* LemonMilk.otf */; };
		EEA84D081E48DFCB008609B6 /* ProductsViewController.swift in Sources */ = {isa = PBXBuildFile; fileRef = EEA84D071E48DFCB008609B6 /* ProductsViewController.swift */; };
		EEA84D0A1E48E014008609B6 /* LifestyleViewController.swift in Sources */ = {isa = PBXBuildFile; fileRef = EEA84D091E48E014008609B6 /* LifestyleViewController.swift */; };
		EEA84D0C1E48E02D008609B6 /* AccountViewController.swift in Sources */ = {isa = PBXBuildFile; fileRef = EEA84D0B1E48E02D008609B6 /* AccountViewController.swift */; };
		EEA84D0E1E48E1A7008609B6 /* ProductsTableViewCell.swift in Sources */ = {isa = PBXBuildFile; fileRef = EEA84D0D1E48E1A7008609B6 /* ProductsTableViewCell.swift */; };
		EEA84D101E48E2DC008609B6 /* SignUpScreenViewController.swift in Sources */ = {isa = PBXBuildFile; fileRef = EEA84D0F1E48E2DC008609B6 /* SignUpScreenViewController.swift */; };
		EEA84D371E49027E008609B6 /* ThankYouForSigningUpScreenViewController.swift in Sources */ = {isa = PBXBuildFile; fileRef = EEA84D361E49027E008609B6 /* ThankYouForSigningUpScreenViewController.swift */; };
		EEA84D3A1E491B45008609B6 /* Main.storyboard in Resources */ = {isa = PBXBuildFile; fileRef = EEA84D381E491B45008609B6 /* Main.storyboard */; };
		EEA84D3C1E492546008609B6 /* LifestyleTableViewCell.swift in Sources */ = {isa = PBXBuildFile; fileRef = EEA84D3B1E492546008609B6 /* LifestyleTableViewCell.swift */; };
		EEA84D3E1E498B02008609B6 /* NewsViewController.swift in Sources */ = {isa = PBXBuildFile; fileRef = EEA84D3D1E498B02008609B6 /* NewsViewController.swift */; };
		EEA84D401E498B2F008609B6 /* NewsTableViewCell.swift in Sources */ = {isa = PBXBuildFile; fileRef = EEA84D3F1E498B2F008609B6 /* NewsTableViewCell.swift */; };
		EEA84D431E498FBA008609B6 /* Model.swift in Sources */ = {isa = PBXBuildFile; fileRef = EEA84D421E498FBA008609B6 /* Model.swift */; };
		EEA84D451E4A2E26008609B6 /* AppICON in Resources */ = {isa = PBXBuildFile; fileRef = EEA84D441E4A2E26008609B6 /* AppICON */; };
		EEA84D471E4A5030008609B6 /* GoogleService-Info.plist in Resources */ = {isa = PBXBuildFile; fileRef = EEA84D461E4A5030008609B6 /* GoogleService-Info.plist */; };
/* End PBXBuildFile section */

/* Begin PBXFileReference section */
		495C3982BCC8720151929605 /* Pods-PowMau.debug.xcconfig */ = {isa = PBXFileReference; includeInIndex = 1; lastKnownFileType = text.xcconfig; name = "Pods-PowMau.debug.xcconfig"; path = "Pods/Target Support Files/Pods-PowMau/Pods-PowMau.debug.xcconfig"; sourceTree = "<group>"; };
		704DA18541E0D09D4453DDFE /* Pods-PowMau.release.xcconfig */ = {isa = PBXFileReference; includeInIndex = 1; lastKnownFileType = text.xcconfig; name = "Pods-PowMau.release.xcconfig"; path = "Pods/Target Support Files/Pods-PowMau/Pods-PowMau.release.xcconfig"; sourceTree = "<group>"; };
		BD5F33BAF681EF9457859EB5 /* Pods_PowMau.framework */ = {isa = PBXFileReference; explicitFileType = wrapper.framework; includeInIndex = 0; path = Pods_PowMau.framework; sourceTree = BUILT_PRODUCTS_DIR; };
		EE353E811E403D5B0007D842 /* PowMau.app */ = {isa = PBXFileReference; explicitFileType = wrapper.application; includeInIndex = 0; path = PowMau.app; sourceTree = BUILT_PRODUCTS_DIR; };
		EE353E841E403D5B0007D842 /* AppDelegate.swift */ = {isa = PBXFileReference; lastKnownFileType = sourcecode.swift; path = AppDelegate.swift; sourceTree = "<group>"; };
		EE353E861E403D5B0007D842 /* ViewController.swift */ = {isa = PBXFileReference; lastKnownFileType = sourcecode.swift; path = ViewController.swift; sourceTree = "<group>"; };
		EE353E8B1E403D5B0007D842 /* Assets.xcassets */ = {isa = PBXFileReference; lastKnownFileType = folder.assetcatalog; path = Assets.xcassets; sourceTree = "<group>"; };
		EE353E8E1E403D5B0007D842 /* Base */ = {isa = PBXFileReference; lastKnownFileType = file.storyboard; name = Base; path = Base.lproj/LaunchScreen.storyboard; sourceTree = "<group>"; };
		EE353E901E403D5B0007D842 /* Info.plist */ = {isa = PBXFileReference; lastKnownFileType = text.plist.xml; path = Info.plist; sourceTree = "<group>"; };
		EE353E9C1E404FD00007D842 /* POWMAU_Logo 1.png */ = {isa = PBXFileReference; lastKnownFileType = image.png; path = "POWMAU_Logo 1.png"; sourceTree = "<group>"; };
		EE353EA21E40F4720007D842 /* PowMauICON.PNG */ = {isa = PBXFileReference; lastKnownFileType = image.png; path = PowMauICON.PNG; sourceTree = "<group>"; };
		EE353EA51E4115790007D842 /* LoginScreenViewController.swift */ = {isa = PBXFileReference; fileEncoding = 4; lastKnownFileType = sourcecode.swift; path = LoginScreenViewController.swift; sourceTree = "<group>"; };
		EE353EAB1E412BE40007D842 /* LemonMilk.otf */ = {isa = PBXFileReference; lastKnownFileType = file; path = LemonMilk.otf; sourceTree = "<group>"; };
		EEA84D071E48DFCB008609B6 /* ProductsViewController.swift */ = {isa = PBXFileReference; fileEncoding = 4; lastKnownFileType = sourcecode.swift; path = ProductsViewController.swift; sourceTree = "<group>"; };
		EEA84D091E48E014008609B6 /* LifestyleViewController.swift */ = {isa = PBXFileReference; fileEncoding = 4; lastKnownFileType = sourcecode.swift; path = LifestyleViewController.swift; sourceTree = "<group>"; };
		EEA84D0B1E48E02D008609B6 /* AccountViewController.swift */ = {isa = PBXFileReference; fileEncoding = 4; lastKnownFileType = sourcecode.swift; path = AccountViewController.swift; sourceTree = "<group>"; };
		EEA84D0D1E48E1A7008609B6 /* ProductsTableViewCell.swift */ = {isa = PBXFileReference; fileEncoding = 4; lastKnownFileType = sourcecode.swift; path = ProductsTableViewCell.swift; sourceTree = "<group>"; };
		EEA84D0F1E48E2DC008609B6 /* SignUpScreenViewController.swift */ = {isa = PBXFileReference; fileEncoding = 4; lastKnownFileType = sourcecode.swift; path = SignUpScreenViewController.swift; sourceTree = "<group>"; };
		EEA84D361E49027E008609B6 /* ThankYouForSigningUpScreenViewController.swift */ = {isa = PBXFileReference; fileEncoding = 4; lastKnownFileType = sourcecode.swift; path = ThankYouForSigningUpScreenViewController.swift; sourceTree = "<group>"; };
		EEA84D391E491B45008609B6 /* Base */ = {isa = PBXFileReference; lastKnownFileType = file.storyboard; name = Base; path = Base.lproj/Main.storyboard; sourceTree = "<group>"; };
		EEA84D3B1E492546008609B6 /* LifestyleTableViewCell.swift */ = {isa = PBXFileReference; fileEncoding = 4; lastKnownFileType = sourcecode.swift; path = LifestyleTableViewCell.swift; sourceTree = "<group>"; };
		EEA84D3D1E498B02008609B6 /* NewsViewController.swift */ = {isa = PBXFileReference; fileEncoding = 4; lastKnownFileType = sourcecode.swift; path = NewsViewController.swift; sourceTree = "<group>"; };
		EEA84D3F1E498B2F008609B6 /* NewsTableViewCell.swift */ = {isa = PBXFileReference; fileEncoding = 4; lastKnownFileType = sourcecode.swift; path = NewsTableViewCell.swift; sourceTree = "<group>"; };
		EEA84D421E498FBA008609B6 /* Model.swift */ = {isa = PBXFileReference; fileEncoding = 4; lastKnownFileType = sourcecode.swift; path = Model.swift; sourceTree = "<group>"; };
		EEA84D441E4A2E26008609B6 /* AppICON */ = {isa = PBXFileReference; lastKnownFileType = folder; path = AppICON; sourceTree = "<group>"; };
		EEA84D461E4A5030008609B6 /* GoogleService-Info.plist */ = {isa = PBXFileReference; fileEncoding = 4; lastKnownFileType = text.plist.xml; path = "GoogleService-Info.plist"; sourceTree = "<group>"; };
/* End PBXFileReference section */

/* Begin PBXFrameworksBuildPhase section */
		EE353E7E1E403D5B0007D842 /* Frameworks */ = {
			isa = PBXFrameworksBuildPhase;
			buildActionMask = 2147483647;
			files = (
				74A316ADBAB3AE73E3DE6D55 /* Pods_PowMau.framework in Frameworks */,
			);
			runOnlyForDeploymentPostprocessing = 0;
		};
/* End PBXFrameworksBuildPhase section */

/* Begin PBXGroup section */
		B752DA5054445E9E4AC696E8 /* Pods */ = {
			isa = PBXGroup;
			children = (
				495C3982BCC8720151929605 /* Pods-PowMau.debug.xcconfig */,
				704DA18541E0D09D4453DDFE /* Pods-PowMau.release.xcconfig */,
			);
			name = Pods;
			sourceTree = "<group>";
		};
		D7A713035C0065D0F2FF368D /* Frameworks */ = {
			isa = PBXGroup;
			children = (
				BD5F33BAF681EF9457859EB5 /* Pods_PowMau.framework */,
			);
			name = Frameworks;
			sourceTree = "<group>";
		};
		EE353E781E403D5B0007D842 = {
			isa = PBXGroup;
			children = (
				EE353E831E403D5B0007D842 /* PowMau */,
				EE353E821E403D5B0007D842 /* Products */,
				B752DA5054445E9E4AC696E8 /* Pods */,
				D7A713035C0065D0F2FF368D /* Frameworks */,
			);
			sourceTree = "<group>";
		};
		EE353E821E403D5B0007D842 /* Products */ = {
			isa = PBXGroup;
			children = (
				EE353E811E403D5B0007D842 /* PowMau.app */,
			);
			name = Products;
			sourceTree = "<group>";
		};
		EE353E831E403D5B0007D842 /* PowMau */ = {
			isa = PBXGroup;
			children = (
				EE353E841E403D5B0007D842 /* AppDelegate.swift */,
				EEA84D411E498F43008609B6 /* DataModel */,
				EE353E961E404AB60007D842 /* Logic */,
				EE353EA41E4115430007D842 /* Auth / Login */,
				EE353E971E404AC30007D842 /* UI */,
				EE353E991E404BBD0007D842 /* Images */,
				EE353EAA1E412BCE0007D842 /* Fonts */,
				EE353E901E403D5B0007D842 /* Info.plist */,
				EEA84D461E4A5030008609B6 /* GoogleService-Info.plist */,
			);
			path = PowMau;
			sourceTree = "<group>";
		};
		EE353E961E404AB60007D842 /* Logic */ = {
			isa = PBXGroup;
			children = (
				EE353E861E403D5B0007D842 /* ViewController.swift */,
				EEA84D071E48DFCB008609B6 /* ProductsViewController.swift */,
				EEA84D091E48E014008609B6 /* LifestyleViewController.swift */,
				EEA84D0B1E48E02D008609B6 /* AccountViewController.swift */,
				EEA84D3D1E498B02008609B6 /* NewsViewController.swift */,
				EE353E981E404B2E0007D842 /* Cells */,
			);
			name = Logic;
			sourceTree = "<group>";
		};
		EE353E971E404AC30007D842 /* UI */ = {
			isa = PBXGroup;
			children = (
				EEA84D381E491B45008609B6 /* Main.storyboard */,
				EE353E8D1E403D5B0007D842 /* LaunchScreen.storyboard */,
				EE353E8B1E403D5B0007D842 /* Assets.xcassets */,
			);
			name = UI;
			sourceTree = "<group>";
		};
		EE353E981E404B2E0007D842 /* Cells */ = {
			isa = PBXGroup;
			children = (
				EEA84D0D1E48E1A7008609B6 /* ProductsTableViewCell.swift */,
				EEA84D3B1E492546008609B6 /* LifestyleTableViewCell.swift */,
				EEA84D3F1E498B2F008609B6 /* NewsTableViewCell.swift */,
			);
			name = Cells;
			sourceTree = "<group>";
		};
		EE353E991E404BBD0007D842 /* Images */ = {
			isa = PBXGroup;
			children = (
				EE353E9C1E404FD00007D842 /* POWMAU_Logo 1.png */,
				EE353EA21E40F4720007D842 /* PowMauICON.PNG */,
				EEA84D441E4A2E26008609B6 /* AppICON */,
			);
			name = Images;
			sourceTree = "<group>";
		};
		EE353EA41E4115430007D842 /* Auth / Login */ = {
			isa = PBXGroup;
			children = (
				EE353EA51E4115790007D842 /* LoginScreenViewController.swift */,
				EEA84D361E49027E008609B6 /* ThankYouForSigningUpScreenViewController.swift */,
				EEA84D0F1E48E2DC008609B6 /* SignUpScreenViewController.swift */,
			);
			name = "Auth / Login";
			sourceTree = "<group>";
		};
		EE353EAA1E412BCE0007D842 /* Fonts */ = {
			isa = PBXGroup;
			children = (
				EE353EAB1E412BE40007D842 /* LemonMilk.otf */,
			);
			name = Fonts;
			sourceTree = "<group>";
		};
		EEA84D411E498F43008609B6 /* DataModel */ = {
			isa = PBXGroup;
			children = (
				EEA84D421E498FBA008609B6 /* Model.swift */,
			);
			name = DataModel;
			sourceTree = "<group>";
		};
/* End PBXGroup section */

/* Begin PBXNativeTarget section */
		EE353E801E403D5B0007D842 /* PowMau */ = {
			isa = PBXNativeTarget;
			buildConfigurationList = EE353E931E403D5B0007D842 /* Build configuration list for PBXNativeTarget "PowMau" */;
			buildPhases = (
				1B2ABED80EAB4839936B8426 /* [CP] Check Pods Manifest.lock */,
				EE353E7D1E403D5B0007D842 /* Sources */,
				EE353E7E1E403D5B0007D842 /* Frameworks */,
				EE353E7F1E403D5B0007D842 /* Resources */,
				E2970E3D117B7388C4288E51 /* [CP] Embed Pods Frameworks */,
				CCA108F2FA7D74DCA9750EDC /* [CP] Copy Pods Resources */,
			);
			buildRules = (
			);
			dependencies = (
			);
			name = PowMau;
			productName = PowMau;
			productReference = EE353E811E403D5B0007D842 /* PowMau.app */;
			productType = "com.apple.product-type.application";
		};
/* End PBXNativeTarget section */

/* Begin PBXProject section */
		EE353E791E403D5B0007D842 /* Project object */ = {
			isa = PBXProject;
			attributes = {
				LastSwiftUpdateCheck = 0820;
				LastUpgradeCheck = 0820;
				ORGANIZATIONNAME = "Matt Tripodi";
				TargetAttributes = {
					EE353E801E403D5B0007D842 = {
						CreatedOnToolsVersion = 8.2.1;
						DevelopmentTeam = VJQVDWQ9VC;
						ProvisioningStyle = Automatic;
					};
				};
			};
			buildConfigurationList = EE353E7C1E403D5B0007D842 /* Build configuration list for PBXProject "PowMau" */;
			compatibilityVersion = "Xcode 3.2";
			developmentRegion = English;
			hasScannedForEncodings = 0;
			knownRegions = (
				en,
				Base,
			);
			mainGroup = EE353E781E403D5B0007D842;
			productRefGroup = EE353E821E403D5B0007D842 /* Products */;
			projectDirPath = "";
			projectRoot = "";
			targets = (
				EE353E801E403D5B0007D842 /* PowMau */,
			);
		};
/* End PBXProject section */

/* Begin PBXResourcesBuildPhase section */
		EE353E7F1E403D5B0007D842 /* Resources */ = {
			isa = PBXResourcesBuildPhase;
			buildActionMask = 2147483647;
			files = (
				EEA84D471E4A5030008609B6 /* GoogleService-Info.plist in Resources */,
				EE353E8F1E403D5B0007D842 /* LaunchScreen.storyboard in Resources */,
				EEA84D451E4A2E26008609B6 /* AppICON in Resources */,
				EE353E8C1E403D5B0007D842 /* Assets.xcassets in Resources */,
				EE353EAC1E412BE40007D842 /* LemonMilk.otf in Resources */,
				EE353E9D1E404FD00007D842 /* POWMAU_Logo 1.png in Resources */,
				EEA84D3A1E491B45008609B6 /* Main.storyboard in Resources */,
				EE353EA31E40F4720007D842 /* PowMauICON.PNG in Resources */,
				EE353E8A1E403D5B0007D842 /* BuildFile in Resources */,
			);
			runOnlyForDeploymentPostprocessing = 0;
		};
/* End PBXResourcesBuildPhase section */

/* Begin PBXShellScriptBuildPhase section */
		1B2ABED80EAB4839936B8426 /* [CP] Check Pods Manifest.lock */ = {
			isa = PBXShellScriptBuildPhase;
			buildActionMask = 2147483647;
			files = (
			);
			inputPaths = (
			);
			name = "[CP] Check Pods Manifest.lock";
			outputPaths = (
			);
			runOnlyForDeploymentPostprocessing = 0;
			shellPath = /bin/sh;
			shellScript = "diff \"${PODS_ROOT}/../Podfile.lock\" \"${PODS_ROOT}/Manifest.lock\" > /dev/null\nif [ $? != 0 ] ; then\n    # print error to STDERR\n    echo \"error: The sandbox is not in sync with the Podfile.lock. Run 'pod install' or update your CocoaPods installation.\" >&2\n    exit 1\nfi\n";
			showEnvVarsInLog = 0;
		};
		CCA108F2FA7D74DCA9750EDC /* [CP] Copy Pods Resources */ = {
			isa = PBXShellScriptBuildPhase;
			buildActionMask = 2147483647;
			files = (
			);
			inputPaths = (
			);
			name = "[CP] Copy Pods Resources";
			outputPaths = (
			);
			runOnlyForDeploymentPostprocessing = 0;
			shellPath = /bin/sh;
			shellScript = "\"${SRCROOT}/Pods/Target Support Files/Pods-PowMau/Pods-PowMau-resources.sh\"\n";
			showEnvVarsInLog = 0;
		};
		E2970E3D117B7388C4288E51 /* [CP] Embed Pods Frameworks */ = {
			isa = PBXShellScriptBuildPhase;
			buildActionMask = 2147483647;
			files = (
			);
			inputPaths = (
			);
			name = "[CP] Embed Pods Frameworks";
			outputPaths = (
			);
			runOnlyForDeploymentPostprocessing = 0;
			shellPath = /bin/sh;
			shellScript = "\"${SRCROOT}/Pods/Target Support Files/Pods-PowMau/Pods-PowMau-frameworks.sh\"\n";
			showEnvVarsInLog = 0;
		};
/* End PBXShellScriptBuildPhase section */

/* Begin PBXSourcesBuildPhase section */
		EE353E7D1E403D5B0007D842 /* Sources */ = {
			isa = PBXSourcesBuildPhase;
			buildActionMask = 2147483647;
			files = (
				EEA84D371E49027E008609B6 /* ThankYouForSigningUpScreenViewController.swift in Sources */,
				EEA84D101E48E2DC008609B6 /* SignUpScreenViewController.swift in Sources */,
				EEA84D401E498B2F008609B6 /* NewsTableViewCell.swift in Sources */,
				EE353E871E403D5B0007D842 /* ViewController.swift in Sources */,
				EE353E851E403D5B0007D842 /* AppDelegate.swift in Sources */,
				EEA84D3E1E498B02008609B6 /* NewsViewController.swift in Sources */,
				EEA84D431E498FBA008609B6 /* Model.swift in Sources */,
				EEA84D0E1E48E1A7008609B6 /* ProductsTableViewCell.swift in Sources */,
				EEA84D0C1E48E02D008609B6 /* AccountViewController.swift in Sources */,
				EEA84D081E48DFCB008609B6 /* ProductsViewController.swift in Sources */,
				EEA84D3C1E492546008609B6 /* LifestyleTableViewCell.swift in Sources */,
				EE353EA61E4115790007D842 /* LoginScreenViewController.swift in Sources */,
				EEA84D0A1E48E014008609B6 /* LifestyleViewController.swift in Sources */,
			);
			runOnlyForDeploymentPostprocessing = 0;
		};
/* End PBXSourcesBuildPhase section */

/* Begin PBXVariantGroup section */
		EE353E8D1E403D5B0007D842 /* LaunchScreen.storyboard */ = {
			isa = PBXVariantGroup;
			children = (
				EE353E8E1E403D5B0007D842 /* Base */,
			);
			name = LaunchScreen.storyboard;
			sourceTree = "<group>";
		};
		EEA84D381E491B45008609B6 /* Main.storyboard */ = {
			isa = PBXVariantGroup;
			children = (
				EEA84D391E491B45008609B6 /* Base */,
			);
			name = Main.storyboard;
			sourceTree = "<group>";
		};
/* End PBXVariantGroup section */

/* Begin XCBuildConfiguration section */
		EE353E911E403D5B0007D842 /* Debug */ = {
			isa = XCBuildConfiguration;
			buildSettings = {
				ALWAYS_SEARCH_USER_PATHS = NO;
				CLANG_ANALYZER_NONNULL = YES;
				CLANG_CXX_LANGUAGE_STANDARD = "gnu++0x";
				CLANG_CXX_LIBRARY = "libc++";
				CLANG_ENABLE_MODULES = YES;
				CLANG_ENABLE_OBJC_ARC = YES;
				CLANG_WARN_BOOL_CONVERSION = YES;
				CLANG_WARN_CONSTANT_CONVERSION = YES;
				CLANG_WARN_DIRECT_OBJC_ISA_USAGE = YES_ERROR;
				CLANG_WARN_DOCUMENTATION_COMMENTS = YES;
				CLANG_WARN_EMPTY_BODY = YES;
				CLANG_WARN_ENUM_CONVERSION = YES;
				CLANG_WARN_INFINITE_RECURSION = YES;
				CLANG_WARN_INT_CONVERSION = YES;
				CLANG_WARN_OBJC_ROOT_CLASS = YES_ERROR;
				CLANG_WARN_SUSPICIOUS_MOVE = YES;
				CLANG_WARN_UNREACHABLE_CODE = YES;
				CLANG_WARN__DUPLICATE_METHOD_MATCH = YES;
				"CODE_SIGN_IDENTITY[sdk=iphoneos*]" = "iPhone Developer";
				COPY_PHASE_STRIP = NO;
				DEBUG_INFORMATION_FORMAT = dwarf;
				ENABLE_STRICT_OBJC_MSGSEND = YES;
				ENABLE_TESTABILITY = YES;
				GCC_C_LANGUAGE_STANDARD = gnu99;
				GCC_DYNAMIC_NO_PIC = NO;
				GCC_NO_COMMON_BLOCKS = YES;
				GCC_OPTIMIZATION_LEVEL = 0;
				GCC_PREPROCESSOR_DEFINITIONS = (
					"DEBUG=1",
					"$(inherited)",
				);
				GCC_WARN_64_TO_32_BIT_CONVERSION = YES;
				GCC_WARN_ABOUT_RETURN_TYPE = YES_ERROR;
				GCC_WARN_UNDECLARED_SELECTOR = YES;
				GCC_WARN_UNINITIALIZED_AUTOS = YES_AGGRESSIVE;
				GCC_WARN_UNUSED_FUNCTION = YES;
				GCC_WARN_UNUSED_VARIABLE = YES;
				IPHONEOS_DEPLOYMENT_TARGET = 10.2;
				MTL_ENABLE_DEBUG_INFO = YES;
				ONLY_ACTIVE_ARCH = YES;
				SDKROOT = iphoneos;
				SWIFT_ACTIVE_COMPILATION_CONDITIONS = DEBUG;
				SWIFT_OPTIMIZATION_LEVEL = "-Onone";
			};
			name = Debug;
		};
		EE353E921E403D5B0007D842 /* Release */ = {
			isa = XCBuildConfiguration;
			buildSettings = {
				ALWAYS_SEARCH_USER_PATHS = NO;
				CLANG_ANALYZER_NONNULL = YES;
				CLANG_CXX_LANGUAGE_STANDARD = "gnu++0x";
				CLANG_CXX_LIBRARY = "libc++";
				CLANG_ENABLE_MODULES = YES;
				CLANG_ENABLE_OBJC_ARC = YES;
				CLANG_WARN_BOOL_CONVERSION = YES;
				CLANG_WARN_CONSTANT_CONVERSION = YES;
				CLANG_WARN_DIRECT_OBJC_ISA_USAGE = YES_ERROR;
				CLANG_WARN_DOCUMENTATION_COMMENTS = YES;
				CLANG_WARN_EMPTY_BODY = YES;
				CLANG_WARN_ENUM_CONVERSION = YES;
				CLANG_WARN_INFINITE_RECURSION = YES;
				CLANG_WARN_INT_CONVERSION = YES;
				CLANG_WARN_OBJC_ROOT_CLASS = YES_ERROR;
				CLANG_WARN_SUSPICIOUS_MOVE = YES;
				CLANG_WARN_UNREACHABLE_CODE = YES;
				CLANG_WARN__DUPLICATE_METHOD_MATCH = YES;
				"CODE_SIGN_IDENTITY[sdk=iphoneos*]" = "iPhone Developer";
				COPY_PHASE_STRIP = NO;
				DEBUG_INFORMATION_FORMAT = "dwarf-with-dsym";
				ENABLE_NS_ASSERTIONS = NO;
				ENABLE_STRICT_OBJC_MSGSEND = YES;
				GCC_C_LANGUAGE_STANDARD = gnu99;
				GCC_NO_COMMON_BLOCKS = YES;
				GCC_WARN_64_TO_32_BIT_CONVERSION = YES;
				GCC_WARN_ABOUT_RETURN_TYPE = YES_ERROR;
				GCC_WARN_UNDECLARED_SELECTOR = YES;
				GCC_WARN_UNINITIALIZED_AUTOS = YES_AGGRESSIVE;
				GCC_WARN_UNUSED_FUNCTION = YES;
				GCC_WARN_UNUSED_VARIABLE = YES;
				IPHONEOS_DEPLOYMENT_TARGET = 10.2;
				MTL_ENABLE_DEBUG_INFO = NO;
				SDKROOT = iphoneos;
				SWIFT_OPTIMIZATION_LEVEL = "-Owholemodule";
				VALIDATE_PRODUCT = YES;
			};
			name = Release;
		};
		EE353E941E403D5B0007D842 /* Debug */ = {
			isa = XCBuildConfiguration;
			baseConfigurationReference = 495C3982BCC8720151929605 /* Pods-PowMau.debug.xcconfig */;
			buildSettings = {
				ASSETCATALOG_COMPILER_APPICON_NAME = AppIcon;
				DEVELOPMENT_TEAM = VJQVDWQ9VC;
				INFOPLIST_FILE = PowMau/Info.plist;
				LD_RUNPATH_SEARCH_PATHS = "$(inherited) @executable_path/Frameworks";
				PRODUCT_BUNDLE_IDENTIFIER = com.matttripodi.PowMau;
				PRODUCT_NAME = "$(TARGET_NAME)";
				SWIFT_VERSION = 3.0;
			};
			name = Debug;
		};
		EE353E951E403D5B0007D842 /* Release */ = {
			isa = XCBuildConfiguration;
			baseConfigurationReference = 704DA18541E0D09D4453DDFE /* Pods-PowMau.release.xcconfig */;
			buildSettings = {
				ASSETCATALOG_COMPILER_APPICON_NAME = AppIcon;
				DEVELOPMENT_TEAM = VJQVDWQ9VC;
				INFOPLIST_FILE = PowMau/Info.plist;
				LD_RUNPATH_SEARCH_PATHS = "$(inherited) @executable_path/Frameworks";
				PRODUCT_BUNDLE_IDENTIFIER = com.matttripodi.PowMau;
				PRODUCT_NAME = "$(TARGET_NAME)";
				SWIFT_VERSION = 3.0;
			};
			name = Release;
		};
/* End XCBuildConfiguration section */

/* Begin XCConfigurationList section */
		EE353E7C1E403D5B0007D842 /* Build configuration list for PBXProject "PowMau" */ = {
			isa = XCConfigurationList;
			buildConfigurations = (
				EE353E911E403D5B0007D842 /* Debug */,
				EE353E921E403D5B0007D842 /* Release */,
			);
			defaultConfigurationIsVisible = 0;
			defaultConfigurationName = Release;
		};
		EE353E931E403D5B0007D842 /* Build configuration list for PBXNativeTarget "PowMau" */ = {
			isa = XCConfigurationList;
			buildConfigurations = (
				EE353E941E403D5B0007D842 /* Debug */,
				EE353E951E403D5B0007D842 /* Release */,
			);
			defaultConfigurationIsVisible = 0;
			defaultConfigurationName = Release;
		};
/* End XCConfigurationList section */
	};
	rootObject = EE353E791E403D5B0007D842 /* Project object */;
}
